
Microsoft Visual Studio Solution File, Format Version 12.00
# Visual Studio Version 16
VisualStudioVersion = 16.0.30320.27
MinimumVisualStudioVersion = 10.0.40219.1
Project("{9A19103F-16F7-4668-BE54-9A1E7A4F7556}") = "simple calculator", "TryAgain\simple calculator.csproj", "{8F0C90BF-7622-430E-B9D8-53054D91372C}"
EndProject
Global
	GlobalSection(SolutionConfigurationPlatforms) = preSolution
		Debug|Any CPU = Debug|Any CPU
		Release|Any CPU = Release|Any CPU
	EndGlobalSection
	GlobalSection(ProjectConfigurationPlatforms) = postSolution
		{8F0C90BF-7622-430E-B9D8-53054D91372C}.Debug|Any CPU.ActiveCfg = Debug|Any CPU
		{8F0C90BF-7622-430E-B9D8-53054D91372C}.Debug|Any CPU.Build.0 = Debug|Any CPU
		{8F0C90BF-7622-430E-B9D8-53054D91372C}.Release|Any CPU.ActiveCfg = Release|Any CPU
		{8F0C90BF-7622-430E-B9D8-53054D91372C}.Release|Any CPU.Build.0 = Release|Any CPU
	EndGlobalSection
	GlobalSection(SolutionProperties) = preSolution
		HideSolutionNode = FALSE
	EndGlobalSection
	GlobalSection(ExtensibilityGlobals) = postSolution
		SolutionGuid = {88116D15-88E6-44CC-B11F-68212267207E}
	EndGlobalSection
EndGlobal
